
Microsoft Visual Studio Solution File, Format Version 12.00
# Visual Studio Version 16
VisualStudioVersion = 16.0.31112.23
MinimumVisualStudioVersion = 10.0.40219.1
Project("{FAE04EC0-301F-11D3-BF4B-00C04F79EFBC}") = "BaseConverstion", "BaseConverstion\BaseConverstion.csproj", "{6CD806AF-F242-4AA7-9BED-362307C2ADA1}"
EndProject
Global
	GlobalSection(SolutionConfigurationPlatforms) = preSolution
		Debug|Any CPU = Debug|Any CPU
		Release|Any CPU = Release|Any CPU
	EndGlobalSection
	GlobalSection(ProjectConfigurationPlatforms) = postSolution
		{6CD806AF-F242-4AA7-9BED-362307C2ADA1}.Debug|Any CPU.ActiveCfg = Debug|Any CPU
		{6CD806AF-F242-4AA7-9BED-362307C2ADA1}.Debug|Any CPU.Build.0 = Debug|Any CPU
		{6CD806AF-F242-4AA7-9BED-362307C2ADA1}.Release|Any CPU.ActiveCfg = Release|Any CPU
		{6CD806AF-F242-4AA7-9BED-362307C2ADA1}.Release|Any CPU.Build.0 = Release|Any CPU
	EndGlobalSection
	GlobalSection(SolutionProperties) = preSolution
		HideSolutionNode = FALSE
	EndGlobalSection
	GlobalSection(ExtensibilityGlobals) = postSolution
		SolutionGuid = {FCE6925C-5A39-4805-90F2-BB25FA191151}
	EndGlobalSection
EndGlobal
